
Microsoft Visual Studio Solution File, Format Version 12.00
# Visual Studio Version 16
VisualStudioVersion = 16.0.30114.105
MinimumVisualStudioVersion = 10.0.40219.1
Project("{FAE04EC0-301F-11D3-BF4B-00C04F79EFBC}") = "NetDaemonApps", "src\NetDaemonApps\NetDaemonApps.csproj", "{22DF8C5A-1BE4-47FA-8E5E-07C09795B8F4}"
EndProject
Project("{FAE04EC0-301F-11D3-BF4B-00C04F79EFBC}") = "NetDaemonApps.Tests", "src\NetDaemonApps.Tests\NetDaemonApps.Tests.csproj", "{04C1FBAC-98D9-42AD-B601-4927D33BC982}"
EndProject
Global
	GlobalSection(SolutionConfigurationPlatforms) = preSolution
		Debug|Any CPU = Debug|Any CPU
		Release|Any CPU = Release|Any CPU
	EndGlobalSection
	GlobalSection(SolutionProperties) = preSolution
		HideSolutionNode = FALSE
	EndGlobalSection
	GlobalSection(ProjectConfigurationPlatforms) = postSolution
		{22DF8C5A-1BE4-47FA-8E5E-07C09795B8F4}.Debug|Any CPU.ActiveCfg = Debug|Any CPU
		{22DF8C5A-1BE4-47FA-8E5E-07C09795B8F4}.Debug|Any CPU.Build.0 = Debug|Any CPU
		{22DF8C5A-1BE4-47FA-8E5E-07C09795B8F4}.Release|Any CPU.ActiveCfg = Release|Any CPU
		{22DF8C5A-1BE4-47FA-8E5E-07C09795B8F4}.Release|Any CPU.Build.0 = Release|Any CPU
		{04C1FBAC-98D9-42AD-B601-4927D33BC982}.Debug|Any CPU.ActiveCfg = Debug|Any CPU
		{04C1FBAC-98D9-42AD-B601-4927D33BC982}.Debug|Any CPU.Build.0 = Debug|Any CPU
		{04C1FBAC-98D9-42AD-B601-4927D33BC982}.Release|Any CPU.ActiveCfg = Release|Any CPU
		{04C1FBAC-98D9-42AD-B601-4927D33BC982}.Release|Any CPU.Build.0 = Release|Any CPU
	EndGlobalSection
EndGlobal
